{
	"name": "game-engine",
	"version": "1.0.0",
	"lockfileVersion": 1,
	"requires": true,
	"dependencies": {
		"async-lock": {
			"version": "1.2.4",
			"resolved": "https://registry.npmjs.org/async-lock/-/async-lock-1.2.4.tgz",
			"integrity": "sha512-UBQJC2pbeyGutIfYmErGc9RaJYnpZ1FHaxuKwb0ahvGiiCkPUf3p67Io+YLPmmv3RHY+mF6JEtNW8FlHsraAaA=="
		},
		"big.js": {
			"version": "6.0.0",
			"resolved": "https://registry.npmjs.org/big.js/-/big.js-6.0.0.tgz",
			"integrity": "sha512-PGsJX+jhBY5qaGOymm4V1QMM2oOCtfGdW8CxgbDTg17C/qHeW89jhx6Kpda3vS0uPHFT6sEhwbb5tlc0wmA+wQ=="
		},
		"lodash": {
			"version": "4.17.20",
			"resolved": "https://registry.npmjs.org/lodash/-/lodash-4.17.20.tgz",
			"integrity": "sha512-PlhdFcillOINfeV7Ni6oF1TAEayyZBoZ8bcshTHqOYJYlrqzRK5hagpagky5o4HfCzzd1TRkXPMFq6cKk9rGmA=="
		},
		"nanoid": {
			"version": "3.1.12",
			"resolved": "https://registry.npmjs.org/nanoid/-/nanoid-3.1.12.tgz",
			"integrity": "sha512-1qstj9z5+x491jfiC4Nelk+f8XBad7LN20PmyWINJEMRSf3wcAjAWysw1qaA8z6NSKe2sjq1hRSDpBH5paCb6A=="
		}
	}
}
